
Microsoft Visual Studio Solution File, Format Version 12.00
# Visual Studio Version 17
VisualStudioVersion = 17.0.31903.59
MinimumVisualStudioVersion = 10.0.40219.1
Project("{2150E333-8FDC-42A3-9474-1A3956D46DE8}") = "src", "src", "{DC5908D0-CAF0-4EC4-9E44-37B16D8AD498}"
EndProject
Project("{FAE04EC0-301F-11D3-BF4B-00C04F79EFBC}") = "FinAI.Api", "src\FinAI.Api\FinAI.Api.csproj", "{65BD3A18-5384-4397-B782-A3F7B0CCBF6F}"
EndProject
Project("{FAE04EC0-301F-11D3-BF4B-00C04F79EFBC}") = "FinAI.Application", "src\FinAI.Application\FinAI.Application.csproj", "{F6F850AC-4AE7-45A7-87C5-B13DCE6FED8A}"
EndProject
Project("{FAE04EC0-301F-11D3-BF4B-00C04F79EFBC}") = "FinAI.Domain", "src\FinAI.Domain\FinAI.Domain.csproj", "{4A1A1111-AEDE-47D9-AE6F-60CCD1E944FC}"
EndProject
Project("{FAE04EC0-301F-11D3-BF4B-00C04F79EFBC}") = "FinAI.Infrastructure", "src\FinAI.Infrastructure\FinAI.Infrastructure.csproj", "{DFF8694D-DA1F-4C40-AF28-229F5C7365BE}"
EndProject
Project("{FAE04EC0-301F-11D3-BF4B-00C04F79EFBC}") = "FinAI.Web", "src\FinAI.Web\FinAI.Web.csproj", "{8AA0D689-1C9F-48CC-9D5A-CD81AC3C3B9C}"
EndProject
Project("{2150E333-8FDC-42A3-9474-1A3956D46DE8}") = "tests", "tests", "{233116D2-C782-4C40-9ED4-282C1914894E}"
EndProject
Project("{FAE04EC0-301F-11D3-BF4B-00C04F79EFBC}") = "FinAI.Tests.Unit", "tests\FinAI.Tests.Unit\FinAI.Tests.Unit.csproj", "{824BEB03-6986-4A8A-B9C0-A95D0E304618}"
EndProject
Project("{FAE04EC0-301F-11D3-BF4B-00C04F79EFBC}") = "FinAI.Tests.Integration", "tests\FinAI.Tests.Integration\FinAI.Tests.Integration.csproj", "{E4282EA1-A040-4AF5-8600-E320474F9DE4}"
EndProject
Global
	GlobalSection(SolutionConfigurationPlatforms) = preSolution
		Debug|Any CPU = Debug|Any CPU
		Release|Any CPU = Release|Any CPU
	EndGlobalSection
	GlobalSection(SolutionProperties) = preSolution
		HideSolutionNode = FALSE
	EndGlobalSection
	GlobalSection(ProjectConfigurationPlatforms) = postSolution
		{65BD3A18-5384-4397-B782-A3F7B0CCBF6F}.Debug|Any CPU.ActiveCfg = Debug|Any CPU
		{65BD3A18-5384-4397-B782-A3F7B0CCBF6F}.Debug|Any CPU.Build.0 = Debug|Any CPU
		{65BD3A18-5384-4397-B782-A3F7B0CCBF6F}.Release|Any CPU.ActiveCfg = Release|Any CPU
		{65BD3A18-5384-4397-B782-A3F7B0CCBF6F}.Release|Any CPU.Build.0 = Release|Any CPU
		{F6F850AC-4AE7-45A7-87C5-B13DCE6FED8A}.Debug|Any CPU.ActiveCfg = Debug|Any CPU
		{F6F850AC-4AE7-45A7-87C5-B13DCE6FED8A}.Debug|Any CPU.Build.0 = Debug|Any CPU
		{F6F850AC-4AE7-45A7-87C5-B13DCE6FED8A}.Release|Any CPU.ActiveCfg = Release|Any CPU
		{F6F850AC-4AE7-45A7-87C5-B13DCE6FED8A}.Release|Any CPU.Build.0 = Release|Any CPU
		{4A1A1111-AEDE-47D9-AE6F-60CCD1E944FC}.Debug|Any CPU.ActiveCfg = Debug|Any CPU
		{4A1A1111-AEDE-47D9-AE6F-60CCD1E944FC}.Debug|Any CPU.Build.0 = Debug|Any CPU
		{4A1A1111-AEDE-47D9-AE6F-60CCD1E944FC}.Release|Any CPU.ActiveCfg = Release|Any CPU
		{4A1A1111-AEDE-47D9-AE6F-60CCD1E944FC}.Release|Any CPU.Build.0 = Release|Any CPU
		{DFF8694D-DA1F-4C40-AF28-229F5C7365BE}.Debug|Any CPU.ActiveCfg = Debug|Any CPU
		{DFF8694D-DA1F-4C40-AF28-229F5C7365BE}.Debug|Any CPU.Build.0 = Debug|Any CPU
		{DFF8694D-DA1F-4C40-AF28-229F5C7365BE}.Release|Any CPU.ActiveCfg = Release|Any CPU
		{DFF8694D-DA1F-4C40-AF28-229F5C7365BE}.Release|Any CPU.Build.0 = Release|Any CPU
		{8AA0D689-1C9F-48CC-9D5A-CD81AC3C3B9C}.Debug|Any CPU.ActiveCfg = Debug|Any CPU
		{8AA0D689-1C9F-48CC-9D5A-CD81AC3C3B9C}.Debug|Any CPU.Build.0 = Debug|Any CPU
		{8AA0D689-1C9F-48CC-9D5A-CD81AC3C3B9C}.Release|Any CPU.ActiveCfg = Release|Any CPU
		{8AA0D689-1C9F-48CC-9D5A-CD81AC3C3B9C}.Release|Any CPU.Build.0 = Release|Any CPU
		{824BEB03-6986-4A8A-B9C0-A95D0E304618}.Debug|Any CPU.ActiveCfg = Debug|Any CPU
		{824BEB03-6986-4A8A-B9C0-A95D0E304618}.Debug|Any CPU.Build.0 = Debug|Any CPU
		{824BEB03-6986-4A8A-B9C0-A95D0E304618}.Release|Any CPU.ActiveCfg = Release|Any CPU
		{824BEB03-6986-4A8A-B9C0-A95D0E304618}.Release|Any CPU.Build.0 = Release|Any CPU
		{E4282EA1-A040-4AF5-8600-E320474F9DE4}.Debug|Any CPU.ActiveCfg = Debug|Any CPU
		{E4282EA1-A040-4AF5-8600-E320474F9DE4}.Debug|Any CPU.Build.0 = Debug|Any CPU
		{E4282EA1-A040-4AF5-8600-E320474F9DE4}.Release|Any CPU.ActiveCfg = Release|Any CPU
		{E4282EA1-A040-4AF5-8600-E320474F9DE4}.Release|Any CPU.Build.0 = Release|Any CPU
	EndGlobalSection
	GlobalSection(NestedProjects) = preSolution
		{65BD3A18-5384-4397-B782-A3F7B0CCBF6F} = {DC5908D0-CAF0-4EC4-9E44-37B16D8AD498}
		{F6F850AC-4AE7-45A7-87C5-B13DCE6FED8A} = {DC5908D0-CAF0-4EC4-9E44-37B16D8AD498}
		{4A1A1111-AEDE-47D9-AE6F-60CCD1E944FC} = {DC5908D0-CAF0-4EC4-9E44-37B16D8AD498}
		{DFF8694D-DA1F-4C40-AF28-229F5C7365BE} = {DC5908D0-CAF0-4EC4-9E44-37B16D8AD498}
		{8AA0D689-1C9F-48CC-9D5A-CD81AC3C3B9C} = {DC5908D0-CAF0-4EC4-9E44-37B16D8AD498}
		{824BEB03-6986-4A8A-B9C0-A95D0E304618} = {233116D2-C782-4C40-9ED4-282C1914894E}
		{E4282EA1-A040-4AF5-8600-E320474F9DE4} = {233116D2-C782-4C40-9ED4-282C1914894E}
	EndGlobalSection
EndGlobal
